{
  "name": "@sanity/eventsource",
  "version": "4.0.0",
  "lockfileVersion": 2,
  "requires": true,
  "packages": {
    "": {
      "name": "@sanity/eventsource",
      "version": "4.0.0",
      "license": "MIT",
      "dependencies": {
        "event-source-polyfill": "1.0.25",
        "eventsource": "^2.0.2"
      }
    },
    "node_modules/event-source-polyfill": {
      "version": "1.0.25",
      "resolved": "https://registry.npmjs.org/event-source-polyfill/-/event-source-polyfill-1.0.25.tgz",
      "integrity": "sha512-hQxu6sN1Eq4JjoI7ITdQeGGUN193A2ra83qC0Ltm9I2UJVAten3OFVN6k5RX4YWeCS0BoC8xg/5czOCIHVosQg=="
    },
    "node_modules/eventsource": {
      "version": "2.0.2",
      "resolved": "https://registry.npmjs.org/eventsource/-/eventsource-2.0.2.tgz",
      "integrity": "sha512-IzUmBGPR3+oUG9dUeXynyNmf91/3zUSJg1lCktzKw47OXuhco54U3r9B7O4XX+Rb1Itm9OZ2b0RkTs10bICOxA==",
      "engines": {
        "node": ">=12.0.0"
      }
    }
  },
  "dependencies": {
    "event-source-polyfill": {
      "version": "1.0.25",
      "resolved": "https://registry.npmjs.org/event-source-polyfill/-/event-source-polyfill-1.0.25.tgz",
      "integrity": "sha512-hQxu6sN1Eq4JjoI7ITdQeGGUN193A2ra83qC0Ltm9I2UJVAten3OFVN6k5RX4YWeCS0BoC8xg/5czOCIHVosQg=="
    },
    "eventsource": {
      "version": "2.0.2",
      "resolved": "https://registry.npmjs.org/eventsource/-/eventsource-2.0.2.tgz",
      "integrity": "sha512-IzUmBGPR3+oUG9dUeXynyNmf91/3zUSJg1lCktzKw47OXuhco54U3r9B7O4XX+Rb1Itm9OZ2b0RkTs10bICOxA=="
    }
  }
}
